version = 1
revision = 2
requires-python = ">=3.13"

[[package]]
name = "chcm-config"
version = "0.1.0"
source = { virtual = "." }
dependencies = [
    { name = "kconfiglib" },
    { name = "openpyxl" },
    { name = "scons" },
    { name = "windows-curses" },
]

[package.metadata]
requires-dist = [
    { name = "kconfiglib", specifier = ">=14.1.0" },
    { name = "openpyxl", specifier = ">=3.1.5" },
    { name = "scons", specifier = ">=4.10.1" },
    { name = "windows-curses", specifier = ">=2.4.1" },
]

[[package]]
name = "et-xmlfile"
version = "2.0.0"
source = { registry = "https://pypi.org/simple" }
sdist = { url = "https://files.pythonhosted.org/packages/d3/38/af70d7ab1ae9d4da450eeec1fa3918940a5fafb9055e934af8d6eb0c2313/et_xmlfile-2.0.0.tar.gz", hash = "sha256:dab3f4764309081ce75662649be815c4c9081e88f0837825f90fd28317d4da54", size = 17234, upload-time = "2024-10-25T17:25:40.039Z" }
wheels = [
    { url = "https://files.pythonhosted.org/packages/c1/8b/5fe2cc11fee489817272089c4203e679c63b570a5aaeb18d852ae3cbba6a/et_xmlfile-2.0.0-py3-none-any.whl", hash = "sha256:7a91720bc756843502c3b7504c77b8fe44217c85c537d85037f0f536151b2caa", size = 18059, upload-time = "2024-10-25T17:25:39.051Z" },
]

[[package]]
name = "kconfiglib"
version = "14.1.0"
source = { registry = "https://pypi.org/simple" }
sdist = { url = "https://files.pythonhosted.org/packages/59/29/d557718c84ef1a8f275faa4caf8e353778121beefbe9fadfa0055ca99aae/kconfiglib-14.1.0.tar.gz", hash = "sha256:bed2cc2216f538eca4255a83a4588d8823563cdd50114f86cf1a2674e602c93c", size = 162613, upload-time = "2020-01-31T06:40:50.563Z" }
wheels = [
    { url = "https://files.pythonhosted.org/packages/8a/f1/d98a89231e779b079b977590efcc31249d959c8f1d4b5858cad69695ff9c/kconfiglib-14.1.0-py2.py3-none-any.whl", hash = "sha256:edcd35a20e7e138a9a9e96149027f805f785e818d2eae400b6fa8b0c8845114a", size = 145875, upload-time = "2020-01-31T06:40:47.252Z" },
]

[[package]]
name = "openpyxl"
version = "3.1.5"
source = { registry = "https://pypi.org/simple" }
dependencies = [
    { name = "et-xmlfile" },
]
sdist = { url = "https://files.pythonhosted.org/packages/3d/f9/88d94a75de065ea32619465d2f77b29a0469500e99012523b91cc4141cd1/openpyxl-3.1.5.tar.gz", hash = "sha256:cf0e3cf56142039133628b5acffe8ef0c12bc902d2aadd3e0fe5878dc08d1050", size = 186464, upload-time = "2024-06-28T14:03:44.161Z" }
wheels = [
    { url = "https://files.pythonhosted.org/packages/c0/da/977ded879c29cbd04de313843e76868e6e13408a94ed6b987245dc7c8506/openpyxl-3.1.5-py2.py3-none-any.whl", hash = "sha256:5282c12b107bffeef825f4617dc029afaf41d0ea60823bbb665ef3079dc79de2", size = 250910, upload-time = "2024-06-28T14:03:41.161Z" },
]

[[package]]
name = "scons"
version = "4.10.1"
source = { registry = "https://pypi.org/simple" }
sdist = { url = "https://files.pythonhosted.org/packages/7d/c9/2f430bb39e4eccba32ce8008df4a3206df651276422204e177a09e12b30b/scons-4.10.1.tar.gz", hash = "sha256:99c0e94a42a2c1182fa6859b0be697953db07ba936ecc9817ae0d218ced20b15", size = 3258403, upload-time = "2025-11-16T22:43:39.258Z" }
wheels = [
    { url = "https://files.pythonhosted.org/packages/ce/bf/931fb9fbb87234c32b8b1b1c15fba23472a10777c12043336675633809a7/scons-4.10.1-py3-none-any.whl", hash = "sha256:bd9d1c52f908d874eba92a8c0c0a8dcf2ed9f3b88ab956d0fce1da479c4e7126", size = 4136069, upload-time = "2025-11-16T22:43:35.933Z" },
]

[[package]]
name = "windows-curses"
version = "2.4.1"
source = { registry = "https://pypi.org/simple" }
wheels = [
    { url = "https://files.pythonhosted.org/packages/25/a0/e8d074f013117633f6b502ca123ecfc377fe0bd36818fe65e8935c91ca9c/windows_curses-2.4.1-cp313-cp313-win32.whl", hash = "sha256:05d1ca01e5199a435ccb6c8c2978df4a169cdff1ec99ab15f11ded9de8e5be26", size = 71390, upload-time = "2025-01-11T00:26:27.66Z" },
    { url = "https://files.pythonhosted.org/packages/2b/4b/2838a829b074a68c570d54ae0ae8539979657d3e619a4dc5a4b03eb69745/windows_curses-2.4.1-cp313-cp313-win_amd64.whl", hash = "sha256:8cf653f8928af19c103ae11cfed38124f418dcdd92643c4cd17239c0cec2f9da", size = 81636, upload-time = "2025-01-11T00:26:29.595Z" },
]
